
Microsoft Visual Studio Solution File, Format Version 12.00
# Visual Studio Version 16
VisualStudioVersion = 16.0.31105.61
MinimumVisualStudioVersion = 10.0.40219.1
Project("{FAE04EC0-301F-11D3-BF4B-00C04F79EFBC}") = "RazorHelpers", "RazorHelpers\RazorHelpers.csproj", "{F644533A-A548-45F7-9868-D9EA9050E8E8}"
EndProject
Global
	GlobalSection(SolutionConfigurationPlatforms) = preSolution
		Debug|Any CPU = Debug|Any CPU
		Release|Any CPU = Release|Any CPU
	EndGlobalSection
	GlobalSection(ProjectConfigurationPlatforms) = postSolution
		{F644533A-A548-45F7-9868-D9EA9050E8E8}.Debug|Any CPU.ActiveCfg = Debug|Any CPU
		{F644533A-A548-45F7-9868-D9EA9050E8E8}.Debug|Any CPU.Build.0 = Debug|Any CPU
		{F644533A-A548-45F7-9868-D9EA9050E8E8}.Release|Any CPU.ActiveCfg = Release|Any CPU
		{F644533A-A548-45F7-9868-D9EA9050E8E8}.Release|Any CPU.Build.0 = Release|Any CPU
	EndGlobalSection
	GlobalSection(SolutionProperties) = preSolution
		HideSolutionNode = FALSE
	EndGlobalSection
	GlobalSection(ExtensibilityGlobals) = postSolution
		SolutionGuid = {A0F53185-F95E-4250-9EDC-52BB031BF72A}
	EndGlobalSection
EndGlobal
